<?xml version="1.0" encoding="utf-8"?>
<Project ToolsVersion="4.0" xmlns="http://schemas.microsoft.com/developer/msbuild/2003">
  <ItemGroup>
    <Filter Include="Form Files">
      <UniqueIdentifier>{99349809-55BA-4b9d-BF79-8FDBB0286EB3}</UniqueIdentifier>
      <Extensions>ui</Extensions>
    </Filter>
    <Filter Include="Generated Files">
      <UniqueIdentifier>{71ED8ED8-ACB9-4CE9-BBE1-E00B30144E11}</UniqueIdentifier>
      <Extensions>moc;h;cpp</Extensions>
      <SourceControlFiles>False</SourceControlFiles>
    </Filter>
    <Filter Include="Generated Files\Debug">
      <UniqueIdentifier>{869c0afa-51da-4852-a811-ec6d65a714c9}</UniqueIdentifier>
      <Extensions>cpp;moc</Extensions>
      <SourceControlFiles>False</SourceControlFiles>
    </Filter>
    <Filter Include="Generated Files\Release">
      <UniqueIdentifier>{b4a09ed3-87ae-43e9-a34f-ea310001f123}</UniqueIdentifier>
      <Extensions>cpp;moc</Extensions>
      <SourceControlFiles>False</SourceControlFiles>
    </Filter>
    <Filter Include="Search">
      <UniqueIdentifier>{ba7a172c-6fa8-4ab9-88d9-1b5b06a903e0}</UniqueIdentifier>
    </Filter>
    <Filter Include="Logs">
      <UniqueIdentifier>{6c908c51-c758-4246-bd09-2bf7779f1292}</UniqueIdentifier>
    </Filter>
    <Filter Include="Modules">
      <UniqueIdentifier>{2bcc2aef-ebd4-4369-a2fb-24e691c6fa5d}</UniqueIdentifier>
    </Filter>
    <Filter Include="ThreadList">
      <UniqueIdentifier>{0e359b85-bef0-4d64-b8a7-61d80ccef85a}</UniqueIdentifier>
    </Filter>
    <Filter Include="xSource Files">
      <UniqueIdentifier>{4FC737F1-C7A5-4376-A066-2A32D752A2FF}</UniqueIdentifier>
      <Extensions>cpp;cxx;c;def</Extensions>
    </Filter>
    <Filter Include="xSource Files\Debugged Process">
      <UniqueIdentifier>{bc1527ae-1c0a-4dbc-9306-327af0b9b47f}</UniqueIdentifier>
    </Filter>
    <Filter Include="xSource Files\MemoryScans">
      <UniqueIdentifier>{f1f8ee39-0d1d-4137-8955-a36f6be641c8}</UniqueIdentifier>
    </Filter>
    <Filter Include="xSource Files\Resource Files">
      <UniqueIdentifier>{D9D6E242-F8AF-46E4-B9FD-80ECBC20BA3E}</UniqueIdentifier>
      <Extensions>qrc;*</Extensions>
      <ParseFiles>false</ParseFiles>
    </Filter>
    <Filter Include="MemoryMap">
      <UniqueIdentifier>{37313346-8004-42b7-b0e3-e33fd7963825}</UniqueIdentifier>
    </Filter>
    <Filter Include="InputGoToBox">
      <UniqueIdentifier>{ffccf1e2-7757-4491-b639-d6e470ca92e4}</UniqueIdentifier>
    </Filter>
    <Filter Include="MemoryViewer">
      <UniqueIdentifier>{0f89e204-104d-4960-93f7-f26307ef914a}</UniqueIdentifier>
    </Filter>
    <Filter Include="OpenProcess">
      <UniqueIdentifier>{32186ab5-78bb-404f-8389-a86c838887e0}</UniqueIdentifier>
    </Filter>
    <Filter Include="AboutCppEngine">
      <UniqueIdentifier>{505c33ad-65f8-476d-b37a-4696797cbecc}</UniqueIdentifier>
    </Filter>
    <Filter Include="QtPro">
      <UniqueIdentifier>{93995380-89BD-4b04-88EB-625FBE52EBFB}</UniqueIdentifier>
      <Extensions>h</Extensions>
    </Filter>
    <Filter Include="Debugger">
      <UniqueIdentifier>{067a6b32-1701-4048-8c6b-3f5d834a4f67}</UniqueIdentifier>
    </Filter>
    <Filter Include="CheckPerformance">
      <UniqueIdentifier>{fe3b5eb9-550a-49e8-9561-d649c3560441}</UniqueIdentifier>
    </Filter>
  </ItemGroup>
  <ItemGroup>
    <ClCompile Include="main.cpp">
      <Filter>xSource Files</Filter>
    </ClCompile>
    <ClCompile Include="GeneratedFiles\Debug\moc_qtpro.cpp">
      <Filter>Generated Files\Debug</Filter>
    </ClCompile>
    <ClCompile Include="GeneratedFiles\Release\moc_qtpro.cpp">
      <Filter>Generated Files\Release</Filter>
    </ClCompile>
    <ClCompile Include="GeneratedFiles\qrc_qtpro.cpp">
      <Filter>Generated Files</Filter>
    </ClCompile>
    <ClCompile Include="DebuggedProcess.cpp">
      <Filter>xSource Files\Debugged Process</Filter>
    </ClCompile>
    <ClCompile Include="MemRead.cpp">
      <Filter>xSource Files\MemoryScans</Filter>
    </ClCompile>
    <ClCompile Include="DriverImplementation.cpp">
      <Filter>xSource Files</Filter>
    </ClCompile>
    <ClCompile Include="GeneratedFiles\Debug\moc_Logs.cpp">
      <Filter>Generated Files\Debug</Filter>
    </ClCompile>
    <ClCompile Include="GeneratedFiles\Release\moc_Logs.cpp">
      <Filter>Generated Files\Release</Filter>
    </ClCompile>
    <ClCompile Include="Search.cpp">
      <Filter>Search</Filter>
    </ClCompile>
    <ClCompile Include="GeneratedFiles\Debug\moc_Search.cpp">
      <Filter>Generated Files\Debug</Filter>
    </ClCompile>
    <ClCompile Include="GeneratedFiles\Release\moc_Search.cpp">
      <Filter>Generated Files\Release</Filter>
    </ClCompile>
    <ClCompile Include="Logs.cpp">
      <Filter>Logs</Filter>
    </ClCompile>
    <ClCompile Include="Modules.cpp">
      <Filter>Modules</Filter>
    </ClCompile>
    <ClCompile Include="ThreadList.cpp">
      <Filter>ThreadList</Filter>
    </ClCompile>
    <ClCompile Include="MemoryMap.cpp">
      <Filter>MemoryMap</Filter>
    </ClCompile>
    <ClCompile Include="GeneratedFiles\Release\moc_Results.cpp">
      <Filter>Generated Files\Release</Filter>
    </ClCompile>
    <ClCompile Include="Results.cpp">
      <Filter>Search</Filter>
    </ClCompile>
    <ClCompile Include="InputGotoBox.cpp">
      <Filter>InputGoToBox</Filter>
    </ClCompile>
    <ClCompile Include="GeneratedFiles\Release\moc_InputGotoBox.cpp">
      <Filter>Generated Files\Release</Filter>
    </ClCompile>
    <ClCompile Include="AboutCpp.cpp">
      <Filter>AboutCppEngine</Filter>
    </ClCompile>
    <ClCompile Include="MemoryViewer.cpp">
      <Filter>MemoryViewer</Filter>
    </ClCompile>
    <ClCompile Include="OpenProcess.cpp">
      <Filter>OpenProcess</Filter>
    </ClCompile>
    <ClCompile Include="GeneratedFiles\Release\moc_AboutCpp.cpp">
      <Filter>Generated Files\Release</Filter>
    </ClCompile>
    <ClCompile Include="GeneratedFiles\Release\moc_MemoryViewer.cpp">
      <Filter>Generated Files\Release</Filter>
    </ClCompile>
    <ClCompile Include="qtpro.cpp">
      <Filter>QtPro</Filter>
    </ClCompile>
    <ClCompile Include="InputComment.cpp">
      <Filter>Search</Filter>
    </ClCompile>
    <ClCompile Include="GeneratedFiles\Release\moc_InputComment.cpp">
      <Filter>Generated Files\Release</Filter>
    </ClCompile>
    <ClCompile Include="Debugger.cpp">
      <Filter>Debugger</Filter>
    </ClCompile>
    <ClCompile Include="TypeBox.cpp">
      <Filter>Search</Filter>
    </ClCompile>
    <ClCompile Include="GeneratedFiles\Release\moc_TypeBox.cpp">
      <Filter>Generated Files\Release</Filter>
    </ClCompile>
    <ClCompile Include="MyMutexes.cpp">
      <Filter>Search</Filter>
    </ClCompile>
    <ClCompile Include="CheckPerformance.cpp">
      <Filter>CheckPerformance</Filter>
    </ClCompile>
  </ItemGroup>
  <ItemGroup>
    <CustomBuild Include="qtpro.h">
      <Filter>QtPro</Filter>
    </CustomBuild>
    <CustomBuild Include="qtpro.qrc">
      <Filter>xSource Files\Resource Files</Filter>
    </CustomBuild>
    <CustomBuild Include="Search.h">
      <Filter>Search</Filter>
    </CustomBuild>
    <CustomBuild Include="Logs.h">
      <Filter>Logs</Filter>
    </CustomBuild>
    <CustomBuild Include="Results.h">
      <Filter>Search</Filter>
    </CustomBuild>
    <CustomBuild Include="InputGotoBox.h">
      <Filter>InputGoToBox</Filter>
    </CustomBuild>
    <CustomBuild Include="MemoryViewer.h">
      <Filter>MemoryViewer</Filter>
    </CustomBuild>
    <CustomBuild Include="AboutCpp.h">
      <Filter>AboutCppEngine</Filter>
    </CustomBuild>
    <CustomBuild Include="InputComment.h">
      <Filter>Search</Filter>
    </CustomBuild>
    <CustomBuild Include="TypeBox.h">
      <Filter>Search</Filter>
    </CustomBuild>
  </ItemGroup>
  <ItemGroup>
    <ClInclude Include="resource.h">
      <Filter>QtPro</Filter>
    </ClInclude>
    <ClInclude Include="DebuggedProcess.h">
      <Filter>xSource Files\Debugged Process</Filter>
    </ClInclude>
    <ClInclude Include="MemRead.h">
      <Filter>xSource Files\MemoryScans</Filter>
    </ClInclude>
    <ClInclude Include="Header.h">
      <Filter>xSource Files</Filter>
    </ClInclude>
    <ClInclude Include="ui_Search.h">
      <Filter>Search</Filter>
    </ClInclude>
    <ClInclude Include="ui_Logs.h">
      <Filter>Logs</Filter>
    </ClInclude>
    <ClInclude Include="ui_Modules.h">
      <Filter>Modules</Filter>
    </ClInclude>
    <ClInclude Include="Modules.h">
      <Filter>Modules</Filter>
    </ClInclude>
    <ClInclude Include="ThreadList.h">
      <Filter>ThreadList</Filter>
    </ClInclude>
    <ClInclude Include="ui_ThreadList.h">
      <Filter>ThreadList</Filter>
    </ClInclude>
    <ClInclude Include="MemoryMap.h">
      <Filter>MemoryMap</Filter>
    </ClInclude>
    <ClInclude Include="ui_MemoryMap.h">
      <Filter>MemoryMap</Filter>
    </ClInclude>
    <ClInclude Include="OpenProcess.h">
      <Filter>OpenProcess</Filter>
    </ClInclude>
    <ClInclude Include="GeneratedFiles\ui_aboutce.h">
      <Filter>AboutCppEngine</Filter>
    </ClInclude>
    <ClInclude Include="GeneratedFiles\ui_MemoryView.h">
      <Filter>MemoryViewer</Filter>
    </ClInclude>
    <ClInclude Include="GeneratedFiles\ui_openProcess.h">
      <Filter>OpenProcess</Filter>
    </ClInclude>
    <ClInclude Include="GeneratedFiles\ui_qtpro.h">
      <Filter>QtPro</Filter>
    </ClInclude>
    <ClInclude Include="ui_ShowDLLs.h">
      <Filter>MemoryViewer</Filter>
    </ClInclude>
    <ClInclude Include="ui_ResultInputBoxes.h">
      <Filter>Search</Filter>
    </ClInclude>
    <ClInclude Include="Debugger.h">
      <Filter>Debugger</Filter>
    </ClInclude>
    <ClInclude Include="MyMutexes.h">
      <Filter>Search</Filter>
    </ClInclude>
    <ClInclude Include="CheckPerformance.h">
      <Filter>CheckPerformance</Filter>
    </ClInclude>
  </ItemGroup>
  <ItemGroup>
    <ResourceCompile Include="QtPro.rc" />
  </ItemGroup>
  <ItemGroup>
    <Image Include="..\x64\Debug\QtPro.ico" />
  </ItemGroup>
</Project>